// !$*UTF8*$!
{
	archiveVersion = 1;
	classes = {
	};
	objectVersion = 46;
	objects = {

/* Begin PBXBuildFile section */
		FA6A8D321A88442C00375B05 /* Foundation.framework in Frameworks */ = {isa = PBXBuildFile; fileRef = FA6A8D311A88442C00375B05 /* Foundation.framework */; };
		FA6A8D341A88442C00375B05 /* CoreGraphics.framework in Frameworks */ = {isa = PBXBuildFile; fileRef = FA6A8D331A88442C00375B05 /* CoreGraphics.framework */; };
		FA6A8D361A88442C00375B05 /* UIKit.framework in Frameworks */ = {isa = PBXBuildFile; fileRef = FA6A8D351A88442C00375B05 /* UIKit.framework */; };
		FA6A8D3C1A88442C00375B05 /* InfoPlist.strings in Resources */ = {isa = PBXBuildFile; fileRef = FA6A8D3A1A88442C00375B05 /* InfoPlist.strings */; };
		FA6A8D3E1A88442C00375B05 /* main.m in Sources */ = {isa = PBXBuildFile; fileRef = FA6A8D3D1A88442C00375B05 /* main.m */; };
		FA6A8D421A88442C00375B05 /* AppDelegate.m in Sources */ = {isa = PBXBuildFile; fileRef = FA6A8D411A88442C00375B05 /* AppDelegate.m */; };
		FA6A8D451A88442C00375B05 /* Main.storyboard in Resources */ = {isa = PBXBuildFile; fileRef = FA6A8D431A88442C00375B05 /* Main.storyboard */; };
		FA6A8D481A88442D00375B05 /* ViewController.m in Sources */ = {isa = PBXBuildFile; fileRef = FA6A8D471A88442D00375B05 /* ViewController.m */; };
		FA6A8D4A1A88442D00375B05 /* Images.xcassets in Resources */ = {isa = PBXBuildFile; fileRef = FA6A8D491A88442D00375B05 /* Images.xcassets */; };
		FA6A8D511A88442D00375B05 /* XCTest.framework in Frameworks */ = {isa = PBXBuildFile; fileRef = FA6A8D501A88442D00375B05 /* XCTest.framework */; };
		FA6A8D521A88442D00375B05 /* Foundation.framework in Frameworks */ = {isa = PBXBuildFile; fileRef = FA6A8D311A88442C00375B05 /* Foundation.framework */; };
		FA6A8D531A88442D00375B05 /* UIKit.framework in Frameworks */ = {isa = PBXBuildFile; fileRef = FA6A8D351A88442C00375B05 /* UIKit.framework */; };
		FA6A8D5B1A88442D00375B05 /* InfoPlist.strings in Resources */ = {isa = PBXBuildFile; fileRef = FA6A8D591A88442D00375B05 /* InfoPlist.strings */; };
		FA6A8D5D1A88442D00375B05 /* CalculatorTests.m in Sources */ = {isa = PBXBuildFile; fileRef = FA6A8D5C1A88442D00375B05 /* CalculatorTests.m */; };
		FA6A8D681A88627F00375B05 /* CalculatorBrain.m in Sources */ = {isa = PBXBuildFile; fileRef = FA6A8D671A88627F00375B05 /* CalculatorBrain.m */; };
		FA765B9C1ABE1F92003F0149 /* Note in Resources */ = {isa = PBXBuildFile; fileRef = FA765B9B1ABE1F92003F0149 /* Note */; };
/* End PBXBuildFile section */

/* Begin PBXContainerItemProxy section */
		FA6A8D541A88442D00375B05 /* PBXContainerItemProxy */ = {
			isa = PBXContainerItemProxy;
			containerPortal = FA6A8D261A88442C00375B05 /* Project object */;
			proxyType = 1;
			remoteGlobalIDString = FA6A8D2D1A88442C00375B05;
			remoteInfo = Calculator;
		};
/* End PBXContainerItemProxy section */

/* Begin PBXFileReference section */
		FA6A8D2E1A88442C00375B05 /* Calculator.app */ = {isa = PBXFileReference; explicitFileType = wrapper.application; includeInIndex = 0; path = Calculator.app; sourceTree = BUILT_PRODUCTS_DIR; };
		FA6A8D311A88442C00375B05 /* Foundation.framework */ = {isa = PBXFileReference; lastKnownFileType = wrapper.framework; name = Foundation.framework; path = System/Library/Frameworks/Foundation.framework; sourceTree = SDKROOT; };
		FA6A8D331A88442C00375B05 /* CoreGraphics.framework */ = {isa = PBXFileReference; lastKnownFileType = wrapper.framework; name = CoreGraphics.framework; path = System/Library/Frameworks/CoreGraphics.framework; sourceTree = SDKROOT; };
		FA6A8D351A88442C00375B05 /* UIKit.framework */ = {isa = PBXFileReference; lastKnownFileType = wrapper.framework; name = UIKit.framework; path = System/Library/Frameworks/UIKit.framework; sourceTree = SDKROOT; };
		FA6A8D391A88442C00375B05 /* Calculator-Info.plist */ = {isa = PBXFileReference; lastKnownFileType = text.plist.xml; path = "Calculator-Info.plist"; sourceTree = "<group>"; };
		FA6A8D3B1A88442C00375B05 /* en */ = {isa = PBXFileReference; lastKnownFileType = text.plist.strings; name = en; path = en.lproj/InfoPlist.strings; sourceTree = "<group>"; };
		FA6A8D3D1A88442C00375B05 /* main.m */ = {isa = PBXFileReference; lastKnownFileType = sourcecode.c.objc; path = main.m; sourceTree = "<group>"; };
		FA6A8D3F1A88442C00375B05 /* Calculator-Prefix.pch */ = {isa = PBXFileReference; lastKnownFileType = sourcecode.c.h; path = "Calculator-Prefix.pch"; sourceTree = "<group>"; };
		FA6A8D401A88442C00375B05 /* AppDelegate.h */ = {isa = PBXFileReference; lastKnownFileType = sourcecode.c.h; path = AppDelegate.h; sourceTree = "<group>"; };
		FA6A8D411A88442C00375B05 /* AppDelegate.m */ = {isa = PBXFileReference; lastKnownFileType = sourcecode.c.objc; path = AppDelegate.m; sourceTree = "<group>"; };
		FA6A8D441A88442C00375B05 /* Base */ = {isa = PBXFileReference; lastKnownFileType = file.storyboard; name = Base; path = Base.lproj/Main.storyboard; sourceTree = "<group>"; };
		FA6A8D461A88442C00375B05 /* ViewController.h */ = {isa = PBXFileReference; lastKnownFileType = sourcecode.c.h; path = ViewController.h; sourceTree = "<group>"; };
		FA6A8D471A88442D00375B05 /* ViewController.m */ = {isa = PBXFileReference; lastKnownFileType = sourcecode.c.objc; path = ViewController.m; sourceTree = "<group>"; };
		FA6A8D491A88442D00375B05 /* Images.xcassets */ = {isa = PBXFileReference; lastKnownFileType = folder.assetcatalog; path = Images.xcassets; sourceTree = "<group>"; };
		FA6A8D4F1A88442D00375B05 /* CalculatorTests.xctest */ = {isa = PBXFileReference; explicitFileType = wrapper.cfbundle; includeInIndex = 0; path = CalculatorTests.xctest; sourceTree = BUILT_PRODUCTS_DIR; };
		FA6A8D501A88442D00375B05 /* XCTest.framework */ = {isa = PBXFileReference; lastKnownFileType = wrapper.framework; name = XCTest.framework; path = Library/Frameworks/XCTest.framework; sourceTree = DEVELOPER_DIR; };
		FA6A8D581A88442D00375B05 /* CalculatorTests-Info.plist */ = {isa = PBXFileReference; lastKnownFileType = text.plist.xml; path = "CalculatorTests-Info.plist"; sourceTree = "<group>"; };
		FA6A8D5A1A88442D00375B05 /* en */ = {isa = PBXFileReference; lastKnownFileType = text.plist.strings; name = en; path = en.lproj/InfoPlist.strings; sourceTree = "<group>"; };
		FA6A8D5C1A88442D00375B05 /* CalculatorTests.m */ = {isa = PBXFileReference; lastKnownFileType = sourcecode.c.objc; path = CalculatorTests.m; sourceTree = "<group>"; };
		FA6A8D661A88627F00375B05 /* CalculatorBrain.h */ = {isa = PBXFileReference; fileEncoding = 4; lastKnownFileType = sourcecode.c.h; path = CalculatorBrain.h; sourceTree = "<group>"; };
		FA6A8D671A88627F00375B05 /* CalculatorBrain.m */ = {isa = PBXFileReference; fileEncoding = 4; lastKnownFileType = sourcecode.c.objc; path = CalculatorBrain.m; sourceTree = "<group>"; };
		FA765B9B1ABE1F92003F0149 /* Note */ = {isa = PBXFileReference; fileEncoding = 4; lastKnownFileType = text; path = Note; sourceTree = "<group>"; };
/* End PBXFileReference section */

/* Begin PBXFrameworksBuildPhase section */
		FA6A8D2B1A88442C00375B05 /* Frameworks */ = {
			isa = PBXFrameworksBuildPhase;
			buildActionMask = 2147483647;
			files = (
				FA6A8D341A88442C00375B05 /* CoreGraphics.framework in Frameworks */,
				FA6A8D361A88442C00375B05 /* UIKit.framework in Frameworks */,
				FA6A8D321A88442C00375B05 /* Foundation.framework in Frameworks */,
			);
			runOnlyForDeploymentPostprocessing = 0;
		};
		FA6A8D4C1A88442D00375B05 /* Frameworks */ = {
			isa = PBXFrameworksBuildPhase;
			buildActionMask = 2147483647;
			files = (
				FA6A8D511A88442D00375B05 /* XCTest.framework in Frameworks */,
				FA6A8D531A88442D00375B05 /* UIKit.framework in Frameworks */,
				FA6A8D521A88442D00375B05 /* Foundation.framework in Frameworks */,
			);
			runOnlyForDeploymentPostprocessing = 0;
		};
/* End PBXFrameworksBuildPhase section */

/* Begin PBXGroup section */
		FA6A8D251A88442C00375B05 = {
			isa = PBXGroup;
			children = (
				FA6A8D371A88442C00375B05 /* Calculator */,
				FA6A8D561A88442D00375B05 /* CalculatorTests */,
				FA6A8D301A88442C00375B05 /* Frameworks */,
				FA6A8D2F1A88442C00375B05 /* Products */,
			);
			sourceTree = "<group>";
		};
		FA6A8D2F1A88442C00375B05 /* Products */ = {
			isa = PBXGroup;
			children = (
				FA6A8D2E1A88442C00375B05 /* Calculator.app */,
				FA6A8D4F1A88442D00375B05 /* CalculatorTests.xctest */,
			);
			name = Products;
			sourceTree = "<group>";
		};
		FA6A8D301A88442C00375B05 /* Frameworks */ = {
			isa = PBXGroup;
			children = (
				FA6A8D311A88442C00375B05 /* Foundation.framework */,
				FA6A8D331A88442C00375B05 /* CoreGraphics.framework */,
				FA6A8D351A88442C00375B05 /* UIKit.framework */,
				FA6A8D501A88442D00375B05 /* XCTest.framework */,
			);
			name = Frameworks;
			sourceTree = "<group>";
		};
		FA6A8D371A88442C00375B05 /* Calculator */ = {
			isa = PBXGroup;
			children = (
				FA6A8D401A88442C00375B05 /* AppDelegate.h */,
				FA6A8D411A88442C00375B05 /* AppDelegate.m */,
				FA6A8D431A88442C00375B05 /* Main.storyboard */,
				FA6A8D461A88442C00375B05 /* ViewController.h */,
				FA6A8D661A88627F00375B05 /* CalculatorBrain.h */,
				FA6A8D671A88627F00375B05 /* CalculatorBrain.m */,
				FA6A8D471A88442D00375B05 /* ViewController.m */,
				FA6A8D491A88442D00375B05 /* Images.xcassets */,
				FA6A8D381A88442C00375B05 /* Supporting Files */,
				FA765B9B1ABE1F92003F0149 /* Note */,
			);
			path = Calculator;
			sourceTree = "<group>";
		};
		FA6A8D381A88442C00375B05 /* Supporting Files */ = {
			isa = PBXGroup;
			children = (
				FA6A8D391A88442C00375B05 /* Calculator-Info.plist */,
				FA6A8D3A1A88442C00375B05 /* InfoPlist.strings */,
				FA6A8D3D1A88442C00375B05 /* main.m */,
				FA6A8D3F1A88442C00375B05 /* Calculator-Prefix.pch */,
			);
			name = "Supporting Files";
			sourceTree = "<group>";
		};
		FA6A8D561A88442D00375B05 /* CalculatorTests */ = {
			isa = PBXGroup;
			children = (
				FA6A8D5C1A88442D00375B05 /* CalculatorTests.m */,
				FA6A8D571A88442D00375B05 /* Supporting Files */,
			);
			path = CalculatorTests;
			sourceTree = "<group>";
		};
		FA6A8D571A88442D00375B05 /* Supporting Files */ = {
			isa = PBXGroup;
			children = (
				FA6A8D581A88442D00375B05 /* CalculatorTests-Info.plist */,
				FA6A8D591A88442D00375B05 /* InfoPlist.strings */,
			);
			name = "Supporting Files";
			sourceTree = "<group>";
		};
/* End PBXGroup section */

/* Begin PBXNativeTarget section */
		FA6A8D2D1A88442C00375B05 /* Calculator */ = {
			isa = PBXNativeTarget;
			buildConfigurationList = FA6A8D601A88442D00375B05 /* Build configuration list for PBXNativeTarget "Calculator" */;
			buildPhases = (
				FA6A8D2A1A88442C00375B05 /* Sources */,
				FA6A8D2B1A88442C00375B05 /* Frameworks */,
				FA6A8D2C1A88442C00375B05 /* Resources */,
			);
			buildRules = (
			);
			dependencies = (
			);
			name = Calculator;
			productName = Calculator;
			productReference = FA6A8D2E1A88442C00375B05 /* Calculator.app */;
			productType = "com.apple.product-type.application";
		};
		FA6A8D4E1A88442D00375B05 /* CalculatorTests */ = {
			isa = PBXNativeTarget;
			buildConfigurationList = FA6A8D631A88442D00375B05 /* Build configuration list for PBXNativeTarget "CalculatorTests" */;
			buildPhases = (
				FA6A8D4B1A88442D00375B05 /* Sources */,
				FA6A8D4C1A88442D00375B05 /* Frameworks */,
				FA6A8D4D1A88442D00375B05 /* Resources */,
			);
			buildRules = (
			);
			dependencies = (
				FA6A8D551A88442D00375B05 /* PBXTargetDependency */,
			);
			name = CalculatorTests;
			productName = CalculatorTests;
			productReference = FA6A8D4F1A88442D00375B05 /* CalculatorTests.xctest */;
			productType = "com.apple.product-type.bundle.unit-test";
		};
/* End PBXNativeTarget section */

/* Begin PBXProject section */
		FA6A8D261A88442C00375B05 /* Project object */ = {
			isa = PBXProject;
			attributes = {
				LastUpgradeCheck = 0620;
				ORGANIZATIONNAME = Alex;
				TargetAttributes = {
					FA6A8D4E1A88442D00375B05 = {
						TestTargetID = FA6A8D2D1A88442C00375B05;
					};
				};
			};
			buildConfigurationList = FA6A8D291A88442C00375B05 /* Build configuration list for PBXProject "Calculator" */;
			compatibilityVersion = "Xcode 3.2";
			developmentRegion = English;
			hasScannedForEncodings = 0;
			knownRegions = (
				en,
				Base,
			);
			mainGroup = FA6A8D251A88442C00375B05;
			productRefGroup = FA6A8D2F1A88442C00375B05 /* Products */;
			projectDirPath = "";
			projectRoot = "";
			targets = (
				FA6A8D2D1A88442C00375B05 /* Calculator */,
				FA6A8D4E1A88442D00375B05 /* CalculatorTests */,
			);
		};
/* End PBXProject section */

/* Begin PBXResourcesBuildPhase section */
		FA6A8D2C1A88442C00375B05 /* Resources */ = {
			isa = PBXResourcesBuildPhase;
			buildActionMask = 2147483647;
			files = (
				FA6A8D4A1A88442D00375B05 /* Images.xcassets in Resources */,
				FA6A8D3C1A88442C00375B05 /* InfoPlist.strings in Resources */,
				FA765B9C1ABE1F92003F0149 /* Note in Resources */,
				FA6A8D451A88442C00375B05 /* Main.storyboard in Resources */,
			);
			runOnlyForDeploymentPostprocessing = 0;
		};
		FA6A8D4D1A88442D00375B05 /* Resources */ = {
			isa = PBXResourcesBuildPhase;
			buildActionMask = 2147483647;
			files = (
				FA6A8D5B1A88442D00375B05 /* InfoPlist.strings in Resources */,
			);
			runOnlyForDeploymentPostprocessing = 0;
		};
/* End PBXResourcesBuildPhase section */

/* Begin PBXSourcesBuildPhase section */
		FA6A8D2A1A88442C00375B05 /* Sources */ = {
			isa = PBXSourcesBuildPhase;
			buildActionMask = 2147483647;
			files = (
				FA6A8D481A88442D00375B05 /* ViewController.m in Sources */,
				FA6A8D421A88442C00375B05 /* AppDelegate.m in Sources */,
				FA6A8D681A88627F00375B05 /* CalculatorBrain.m in Sources */,
				FA6A8D3E1A88442C00375B05 /* main.m in Sources */,
			);
			runOnlyForDeploymentPostprocessing = 0;
		};
		FA6A8D4B1A88442D00375B05 /* Sources */ = {
			isa = PBXSourcesBuildPhase;
			buildActionMask = 2147483647;
			files = (
				FA6A8D5D1A88442D00375B05 /* CalculatorTests.m in Sources */,
			);
			runOnlyForDeploymentPostprocessing = 0;
		};
/* End PBXSourcesBuildPhase section */

/* Begin PBXTargetDependency section */
		FA6A8D551A88442D00375B05 /* PBXTargetDependency */ = {
			isa = PBXTargetDependency;
			target = FA6A8D2D1A88442C00375B05 /* Calculator */;
			targetProxy = FA6A8D541A88442D00375B05 /* PBXContainerItemProxy */;
		};
/* End PBXTargetDependency section */

/* Begin PBXVariantGroup section */
		FA6A8D3A1A88442C00375B05 /* InfoPlist.strings */ = {
			isa = PBXVariantGroup;
			children = (
				FA6A8D3B1A88442C00375B05 /* en */,
			);
			name = InfoPlist.strings;
			sourceTree = "<group>";
		};
		FA6A8D431A88442C00375B05 /* Main.storyboard */ = {
			isa = PBXVariantGroup;
			children = (
				FA6A8D441A88442C00375B05 /* Base */,
			);
			name = Main.storyboard;
			sourceTree = "<group>";
		};
		FA6A8D591A88442D00375B05 /* InfoPlist.strings */ = {
			isa = PBXVariantGroup;
			children = (
				FA6A8D5A1A88442D00375B05 /* en */,
			);
			name = InfoPlist.strings;
			sourceTree = "<group>";
		};
/* End PBXVariantGroup section */

/* Begin XCBuildConfiguration section */
		FA6A8D5E1A88442D00375B05 /* Debug */ = {
			isa = XCBuildConfiguration;
			buildSettings = {
				ALWAYS_SEARCH_USER_PATHS = NO;
				CLANG_CXX_LANGUAGE_STANDARD = "gnu++0x";
				CLANG_CXX_LIBRARY = "libc++";
				CLANG_ENABLE_MODULES = YES;
				CLANG_ENABLE_OBJC_ARC = YES;
				CLANG_WARN_BOOL_CONVERSION = YES;
				CLANG_WARN_CONSTANT_CONVERSION = YES;
				CLANG_WARN_DIRECT_OBJC_ISA_USAGE = YES_ERROR;
				CLANG_WARN_EMPTY_BODY = YES;
				CLANG_WARN_ENUM_CONVERSION = YES;
				CLANG_WARN_INT_CONVERSION = YES;
				CLANG_WARN_OBJC_ROOT_CLASS = YES_ERROR;
				CLANG_WARN__DUPLICATE_METHOD_MATCH = YES;
				CODE_SIGN_IDENTITY = "Mac Developer";
				"CODE_SIGN_IDENTITY[sdk=iphoneos*]" = "Mac Developer";
				COPY_PHASE_STRIP = NO;
				GCC_C_LANGUAGE_STANDARD = gnu99;
				GCC_DYNAMIC_NO_PIC = NO;
				GCC_OPTIMIZATION_LEVEL = 0;
				GCC_PREPROCESSOR_DEFINITIONS = (
					"DEBUG=1",
					"$(inherited)",
				);
				GCC_SYMBOLS_PRIVATE_EXTERN = NO;
				GCC_WARN_64_TO_32_BIT_CONVERSION = YES;
				GCC_WARN_ABOUT_RETURN_TYPE = YES_ERROR;
				GCC_WARN_UNDECLARED_SELECTOR = YES;
				GCC_WARN_UNINITIALIZED_AUTOS = YES;
				GCC_WARN_UNUSED_FUNCTION = YES;
				GCC_WARN_UNUSED_VARIABLE = YES;
				IPHONEOS_DEPLOYMENT_TARGET = 7.0;
				ONLY_ACTIVE_ARCH = YES;
				SDKROOT = iphoneos;
			};
			name = Debug;
		};
		FA6A8D5F1A88442D00375B05 /* Release */ = {
			isa = XCBuildConfiguration;
			buildSettings = {
				ALWAYS_SEARCH_USER_PATHS = NO;
				CLANG_CXX_LANGUAGE_STANDARD = "gnu++0x";
				CLANG_CXX_LIBRARY = "libc++";
				CLANG_ENABLE_MODULES = YES;
				CLANG_ENABLE_OBJC_ARC = YES;
				CLANG_WARN_BOOL_CONVERSION = YES;
				CLANG_WARN_CONSTANT_CONVERSION = YES;
				CLANG_WARN_DIRECT_OBJC_ISA_USAGE = YES_ERROR;
				CLANG_WARN_EMPTY_BODY = YES;
				CLANG_WARN_ENUM_CONVERSION = YES;
				CLANG_WARN_INT_CONVERSION = YES;
				CLANG_WARN_OBJC_ROOT_CLASS = YES_ERROR;
				CLANG_WARN__DUPLICATE_METHOD_MATCH = YES;
				CODE_SIGN_IDENTITY = "Mac Developer";
				"CODE_SIGN_IDENTITY[sdk=iphoneos*]" = "iPhone Developer";
				COPY_PHASE_STRIP = YES;
				ENABLE_NS_ASSERTIONS = NO;
				GCC_C_LANGUAGE_STANDARD = gnu99;
				GCC_WARN_64_TO_32_BIT_CONVERSION = YES;
				GCC_WARN_ABOUT_RETURN_TYPE = YES_ERROR;
				GCC_WARN_UNDECLARED_SELECTOR = YES;
				GCC_WARN_UNINITIALIZED_AUTOS = YES;
				GCC_WARN_UNUSED_FUNCTION = YES;
				GCC_WARN_UNUSED_VARIABLE = YES;
				IPHONEOS_DEPLOYMENT_TARGET = 7.0;
				SDKROOT = iphoneos;
				VALIDATE_PRODUCT = YES;
			};
			name = Release;
		};
		FA6A8D611A88442D00375B05 /* Debug */ = {
			isa = XCBuildConfiguration;
			buildSettings = {
				ASSETCATALOG_COMPILER_APPICON_NAME = AppIcon;
				ASSETCATALOG_COMPILER_LAUNCHIMAGE_NAME = LaunchImage;
				GCC_PRECOMPILE_PREFIX_HEADER = YES;
				GCC_PREFIX_HEADER = "Calculator/Calculator-Prefix.pch";
				INFOPLIST_FILE = "Calculator/Calculator-Info.plist";
				IPHONEOS_DEPLOYMENT_TARGET = 7.1;
				PRODUCT_NAME = "$(TARGET_NAME)";
				TARGETED_DEVICE_FAMILY = 1;
				WRAPPER_EXTENSION = app;
			};
			name = Debug;
		};
		FA6A8D621A88442D00375B05 /* Release */ = {
			isa = XCBuildConfiguration;
			buildSettings = {
				ASSETCATALOG_COMPILER_APPICON_NAME = AppIcon;
				ASSETCATALOG_COMPILER_LAUNCHIMAGE_NAME = LaunchImage;
				GCC_PRECOMPILE_PREFIX_HEADER = YES;
				GCC_PREFIX_HEADER = "Calculator/Calculator-Prefix.pch";
				INFOPLIST_FILE = "Calculator/Calculator-Info.plist";
				IPHONEOS_DEPLOYMENT_TARGET = 7.1;
				PRODUCT_NAME = "$(TARGET_NAME)";
				TARGETED_DEVICE_FAMILY = 1;
				WRAPPER_EXTENSION = app;
			};
			name = Release;
		};
		FA6A8D641A88442D00375B05 /* Debug */ = {
			isa = XCBuildConfiguration;
			buildSettings = {
				BUNDLE_LOADER = "$(BUILT_PRODUCTS_DIR)/Calculator.app/Calculator";
				FRAMEWORK_SEARCH_PATHS = (
					"$(SDKROOT)/Developer/Library/Frameworks",
					"$(inherited)",
					"$(DEVELOPER_FRAMEWORKS_DIR)",
				);
				GCC_PRECOMPILE_PREFIX_HEADER = YES;
				GCC_PREFIX_HEADER = "Calculator/Calculator-Prefix.pch";
				GCC_PREPROCESSOR_DEFINITIONS = (
					"DEBUG=1",
					"$(inherited)",
				);
				INFOPLIST_FILE = "CalculatorTests/CalculatorTests-Info.plist";
				PRODUCT_NAME = "$(TARGET_NAME)";
				TEST_HOST = "$(BUNDLE_LOADER)";
				WRAPPER_EXTENSION = xctest;
			};
			name = Debug;
		};
		FA6A8D651A88442D00375B05 /* Release */ = {
			isa = XCBuildConfiguration;
			buildSettings = {
				BUNDLE_LOADER = "$(BUILT_PRODUCTS_DIR)/Calculator.app/Calculator";
				FRAMEWORK_SEARCH_PATHS = (
					"$(SDKROOT)/Developer/Library/Frameworks",
					"$(inherited)",
					"$(DEVELOPER_FRAMEWORKS_DIR)",
				);
				GCC_PRECOMPILE_PREFIX_HEADER = YES;
				GCC_PREFIX_HEADER = "Calculator/Calculator-Prefix.pch";
				INFOPLIST_FILE = "CalculatorTests/CalculatorTests-Info.plist";
				PRODUCT_NAME = "$(TARGET_NAME)";
				TEST_HOST = "$(BUNDLE_LOADER)";
				WRAPPER_EXTENSION = xctest;
			};
			name = Release;
		};
/* End XCBuildConfiguration section */

/* Begin XCConfigurationList section */
		FA6A8D291A88442C00375B05 /* Build configuration list for PBXProject "Calculator" */ = {
			isa = XCConfigurationList;
			buildConfigurations = (
				FA6A8D5E1A88442D00375B05 /* Debug */,
				FA6A8D5F1A88442D00375B05 /* Release */,
			);
			defaultConfigurationIsVisible = 0;
			defaultConfigurationName = Release;
		};
		FA6A8D601A88442D00375B05 /* Build configuration list for PBXNativeTarget "Calculator" */ = {
			isa = XCConfigurationList;
			buildConfigurations = (
				FA6A8D611A88442D00375B05 /* Debug */,
				FA6A8D621A88442D00375B05 /* Release */,
			);
			defaultConfigurationIsVisible = 0;
			defaultConfigurationName = Release;
		};
		FA6A8D631A88442D00375B05 /* Build configuration list for PBXNativeTarget "CalculatorTests" */ = {
			isa = XCConfigurationList;
			buildConfigurations = (
				FA6A8D641A88442D00375B05 /* Debug */,
				FA6A8D651A88442D00375B05 /* Release */,
			);
			defaultConfigurationIsVisible = 0;
			defaultConfigurationName = Release;
		};
/* End XCConfigurationList section */
	};
	rootObject = FA6A8D261A88442C00375B05 /* Project object */;
}
